
Microsoft Visual Studio Solution File, Format Version 12.00
# Visual Studio Version 17
VisualStudioVersion = 17.10.34902.84
MinimumVisualStudioVersion = 10.0.40219.1
Project("{FAE04EC0-301F-11D3-BF4B-00C04F79EFBC}") = "TimezoneConverterWebApp", "TimezoneConverterWebApp.csproj", "{D810824D-769C-4A02-8B6F-38744F22FCDB}"
EndProject
Global
	GlobalSection(SolutionConfigurationPlatforms) = preSolution
		Debug|Any CPU = Debug|Any CPU
		Release|Any CPU = Release|Any CPU
	EndGlobalSection
	GlobalSection(ProjectConfigurationPlatforms) = postSolution
		{D810824D-769C-4A02-8B6F-38744F22FCDB}.Debug|Any CPU.ActiveCfg = Debug|Any CPU
		{D810824D-769C-4A02-8B6F-38744F22FCDB}.Debug|Any CPU.Build.0 = Debug|Any CPU
		{D810824D-769C-4A02-8B6F-38744F22FCDB}.Release|Any CPU.ActiveCfg = Release|Any CPU
		{D810824D-769C-4A02-8B6F-38744F22FCDB}.Release|Any CPU.Build.0 = Release|Any CPU
	EndGlobalSection
	GlobalSection(SolutionProperties) = preSolution
		HideSolutionNode = FALSE
	EndGlobalSection
	GlobalSection(ExtensibilityGlobals) = postSolution
		SolutionGuid = {AEF8A777-1A9B-4BFD-9CD8-817747615698}
	EndGlobalSection
EndGlobal
